
Microsoft Visual Studio Solution File, Format Version 12.00
# Visual Studio 15
VisualStudioVersion = 15.0.27428.2027
MinimumVisualStudioVersion = 10.0.40219.1
Project("{FAE04EC0-301F-11D3-BF4B-00C04F79EFBC}") = "ProgLib", "ProgLib\ProgLib.csproj", "{F8188BFB-20FF-4B50-B549-3A2AAEA6FD89}"
EndProject
Project("{FAE04EC0-301F-11D3-BF4B-00C04F79EFBC}") = "Test", "Test\Test.csproj", "{246F7CC2-0B88-41C8-BA78-CCE133E2A54F}"
EndProject
Global
	GlobalSection(SolutionConfigurationPlatforms) = preSolution
		Debug|Any CPU = Debug|Any CPU
		Release|Any CPU = Release|Any CPU
	EndGlobalSection
	GlobalSection(ProjectConfigurationPlatforms) = postSolution
		{F8188BFB-20FF-4B50-B549-3A2AAEA6FD89}.Debug|Any CPU.ActiveCfg = Debug|Any CPU
		{F8188BFB-20FF-4B50-B549-3A2AAEA6FD89}.Debug|Any CPU.Build.0 = Debug|Any CPU
		{F8188BFB-20FF-4B50-B549-3A2AAEA6FD89}.Release|Any CPU.ActiveCfg = Release|Any CPU
		{F8188BFB-20FF-4B50-B549-3A2AAEA6FD89}.Release|Any CPU.Build.0 = Release|Any CPU
		{246F7CC2-0B88-41C8-BA78-CCE133E2A54F}.Debug|Any CPU.ActiveCfg = Debug|Any CPU
		{246F7CC2-0B88-41C8-BA78-CCE133E2A54F}.Debug|Any CPU.Build.0 = Debug|Any CPU
		{246F7CC2-0B88-41C8-BA78-CCE133E2A54F}.Release|Any CPU.ActiveCfg = Release|Any CPU
		{246F7CC2-0B88-41C8-BA78-CCE133E2A54F}.Release|Any CPU.Build.0 = Release|Any CPU
	EndGlobalSection
	GlobalSection(SolutionProperties) = preSolution
		HideSolutionNode = FALSE
	EndGlobalSection
	GlobalSection(ExtensibilityGlobals) = postSolution
		SolutionGuid = {BF3E53F1-5EB3-4946-A31F-5166112A13B8}
	EndGlobalSection
EndGlobal
